
Microsoft Visual Studio Solution File, Format Version 11.00
# Visual C# Express 2010
Project("{FAE04EC0-301F-11D3-BF4B-00C04F79EFBC}") = "ConquerNetwork", "ConquerNetwork.csproj", "{DA973CF2-B69C-4B1D-B5D1-D4EE906AE572}"
EndProject
Global
	GlobalSection(SolutionConfigurationPlatforms) = preSolution
		Debug|Any CPU = Debug|Any CPU
		Release|Any CPU = Release|Any CPU
	EndGlobalSection
	GlobalSection(ProjectConfigurationPlatforms) = postSolution
		{DA973CF2-B69C-4B1D-B5D1-D4EE906AE572}.Debug|Any CPU.ActiveCfg = Debug|Any CPU
		{DA973CF2-B69C-4B1D-B5D1-D4EE906AE572}.Debug|Any CPU.Build.0 = Debug|Any CPU
		{DA973CF2-B69C-4B1D-B5D1-D4EE906AE572}.Release|Any CPU.ActiveCfg = Release|Any CPU
		{DA973CF2-B69C-4B1D-B5D1-D4EE906AE572}.Release|Any CPU.Build.0 = Release|Any CPU
	EndGlobalSection
	GlobalSection(SolutionProperties) = preSolution
		HideSolutionNode = FALSE
	EndGlobalSection
EndGlobal
